
Microsoft Visual Studio Solution File, Format Version 12.00
# Visual Studio Version 16
VisualStudioVersion = 16.0.31025.194
MinimumVisualStudioVersion = 10.0.40219.1
Project("{888888A0-9F3D-457C-B088-3A5042F75D52}") = "1.6.1", "1.6.1.pyproj", "{1C04C265-006A-4825-9346-6EA6679DADED}"
EndProject
Global
	GlobalSection(SolutionConfigurationPlatforms) = preSolution
		Debug|Any CPU = Debug|Any CPU
		Release|Any CPU = Release|Any CPU
	EndGlobalSection
	GlobalSection(ProjectConfigurationPlatforms) = postSolution
		{1C04C265-006A-4825-9346-6EA6679DADED}.Debug|Any CPU.ActiveCfg = Debug|Any CPU
		{1C04C265-006A-4825-9346-6EA6679DADED}.Release|Any CPU.ActiveCfg = Release|Any CPU
	EndGlobalSection
	GlobalSection(SolutionProperties) = preSolution
		HideSolutionNode = FALSE
	EndGlobalSection
	GlobalSection(ExtensibilityGlobals) = postSolution
		SolutionGuid = {0B50F2B4-5A8E-4D8A-B2D3-B7A1A342ACEB}
	EndGlobalSection
EndGlobal
