
Microsoft Visual Studio Solution File, Format Version 12.00
# Visual Studio Version 16
VisualStudioVersion = 16.0.31025.194
MinimumVisualStudioVersion = 10.0.40219.1
Project("{888888A0-9F3D-457C-B088-3A5042F75D52}") = "2.3.3_NANDgate", "2.3.3_NANDgate.pyproj", "{20C9D673-34E5-4413-BAB0-1071FC8ECC52}"
EndProject
Global
	GlobalSection(SolutionConfigurationPlatforms) = preSolution
		Debug|Any CPU = Debug|Any CPU
		Release|Any CPU = Release|Any CPU
	EndGlobalSection
	GlobalSection(ProjectConfigurationPlatforms) = postSolution
		{20C9D673-34E5-4413-BAB0-1071FC8ECC52}.Debug|Any CPU.ActiveCfg = Debug|Any CPU
		{20C9D673-34E5-4413-BAB0-1071FC8ECC52}.Release|Any CPU.ActiveCfg = Release|Any CPU
	EndGlobalSection
	GlobalSection(SolutionProperties) = preSolution
		HideSolutionNode = FALSE
	EndGlobalSection
	GlobalSection(ExtensibilityGlobals) = postSolution
		SolutionGuid = {62212482-56B7-40E9-A973-C3F5E464EF5D}
	EndGlobalSection
EndGlobal
